dependencies:
  espressif/cmake_utilities:
    component_hash: 351350613ceafba240b761b4ea991e0f231ac7a9f59a9ee901f751bddc0bb18f
    dependencies:
    - name: idf
      require: private
      version: '>=4.1'
    source:
      registry_url: https://components.espressif.com/
      type: service
    version: 0.5.3
  idf:
    source:
      type: idf
    version: 5.3.2
direct_dependencies:
- espressif/cmake_utilities
- idf
manifest_hash: 39b2d24dd4bf9c979ace94f20d9a3befe228a71f1231a9eb9841e503a8bd375c
target: esp32c6
version: 2.0.0
